
Microsoft Visual Studio Solution File, Format Version 12.00
# Visual Studio Version 17
VisualStudioVersion = 17.3.32929.385
MinimumVisualStudioVersion = 10.0.40219.1
Project("{FAE04EC0-301F-11D3-BF4B-00C04F79EFBC}") = "THA_W3_EKA_Y", "THA_W3_EKA_Y\THA_W3_EKA_Y.csproj", "{AAA38EB0-FE96-4DF9-BF88-5CE41A416C51}"
EndProject
Global
	GlobalSection(SolutionConfigurationPlatforms) = preSolution
		Debug|Any CPU = Debug|Any CPU
		Release|Any CPU = Release|Any CPU
	EndGlobalSection
	GlobalSection(ProjectConfigurationPlatforms) = postSolution
		{AAA38EB0-FE96-4DF9-BF88-5CE41A416C51}.Debug|Any CPU.ActiveCfg = Debug|Any CPU
		{AAA38EB0-FE96-4DF9-BF88-5CE41A416C51}.Debug|Any CPU.Build.0 = Debug|Any CPU
		{AAA38EB0-FE96-4DF9-BF88-5CE41A416C51}.Release|Any CPU.ActiveCfg = Release|Any CPU
		{AAA38EB0-FE96-4DF9-BF88-5CE41A416C51}.Release|Any CPU.Build.0 = Release|Any CPU
	EndGlobalSection
	GlobalSection(SolutionProperties) = preSolution
		HideSolutionNode = FALSE
	EndGlobalSection
	GlobalSection(ExtensibilityGlobals) = postSolution
		SolutionGuid = {E1B2B89E-96B8-44C4-8D31-5C39472F4CA5}
	EndGlobalSection
EndGlobal
